
Microsoft Visual Studio Solution File, Format Version 12.00
# Visual Studio Version 17
VisualStudioVersion = 17.5.33516.290
MinimumVisualStudioVersion = 10.0.40219.1
Project("{2150E333-8FDC-42A3-9474-1A3956D46DE8}") = "1.api", "1.api", "{A2FB0FE5-648D-40FF-B9CD-30F252DFCCD2}"
EndProject
Project("{2150E333-8FDC-42A3-9474-1A3956D46DE8}") = "3.common", "3.common", "{801F51E2-A703-4FB3-9443-7085DD0C0AEE}"
EndProject
Project("{9A19103F-16F7-4668-BE54-9A1E7A4F7556}") = "cbs.common.infrastructure", "common\cbs.common.infrastructure\cbs.common.infrastructure.csproj", "{AE12BBDC-6F70-4E61-BFDC-800E315AE3A3}"
EndProject
Project("{9A19103F-16F7-4668-BE54-9A1E7A4F7556}") = "cbs.queue.monitoring.api", "api\cbs.queue.monitoring.api\cbs.queue.monitoring.api.csproj", "{C6C10E21-5ED0-4186-8E85-F8AE55F46A69}"
EndProject
Project("{2150E333-8FDC-42A3-9474-1A3956D46DE8}") = "4.ui", "4.ui", "{3D07459F-B0AB-4EAF-800E-5B73606FDC41}"
EndProject
Project("{9A19103F-16F7-4668-BE54-9A1E7A4F7556}") = "cbs.queue.blz.ui", "ui\blz\cbs.queue.blz.ui\cbs.queue.blz.ui.csproj", "{F6F709CB-0A61-4200-983A-045A72A771C3}"
EndProject
Project("{9A19103F-16F7-4668-BE54-9A1E7A4F7556}") = "cbs.queue.mvc", "ui\mvc\cbs.queue.mvc\cbs.queue.mvc.csproj", "{C90DE4A6-97C0-4D8A-8B63-262CF6B9580C}"
EndProject
Global
	GlobalSection(SolutionConfigurationPlatforms) = preSolution
		Debug|Any CPU = Debug|Any CPU
		Release|Any CPU = Release|Any CPU
	EndGlobalSection
	GlobalSection(ProjectConfigurationPlatforms) = postSolution
		{AE12BBDC-6F70-4E61-BFDC-800E315AE3A3}.Debug|Any CPU.ActiveCfg = Debug|Any CPU
		{AE12BBDC-6F70-4E61-BFDC-800E315AE3A3}.Debug|Any CPU.Build.0 = Debug|Any CPU
		{AE12BBDC-6F70-4E61-BFDC-800E315AE3A3}.Release|Any CPU.ActiveCfg = Release|Any CPU
		{AE12BBDC-6F70-4E61-BFDC-800E315AE3A3}.Release|Any CPU.Build.0 = Release|Any CPU
		{C6C10E21-5ED0-4186-8E85-F8AE55F46A69}.Debug|Any CPU.ActiveCfg = Debug|Any CPU
		{C6C10E21-5ED0-4186-8E85-F8AE55F46A69}.Debug|Any CPU.Build.0 = Debug|Any CPU
		{C6C10E21-5ED0-4186-8E85-F8AE55F46A69}.Release|Any CPU.ActiveCfg = Release|Any CPU
		{C6C10E21-5ED0-4186-8E85-F8AE55F46A69}.Release|Any CPU.Build.0 = Release|Any CPU
		{F6F709CB-0A61-4200-983A-045A72A771C3}.Debug|Any CPU.ActiveCfg = Debug|Any CPU
		{F6F709CB-0A61-4200-983A-045A72A771C3}.Debug|Any CPU.Build.0 = Debug|Any CPU
		{F6F709CB-0A61-4200-983A-045A72A771C3}.Release|Any CPU.ActiveCfg = Release|Any CPU
		{F6F709CB-0A61-4200-983A-045A72A771C3}.Release|Any CPU.Build.0 = Release|Any CPU
		{C90DE4A6-97C0-4D8A-8B63-262CF6B9580C}.Debug|Any CPU.ActiveCfg = Debug|Any CPU
		{C90DE4A6-97C0-4D8A-8B63-262CF6B9580C}.Debug|Any CPU.Build.0 = Debug|Any CPU
		{C90DE4A6-97C0-4D8A-8B63-262CF6B9580C}.Release|Any CPU.ActiveCfg = Release|Any CPU
		{C90DE4A6-97C0-4D8A-8B63-262CF6B9580C}.Release|Any CPU.Build.0 = Release|Any CPU
	EndGlobalSection
	GlobalSection(SolutionProperties) = preSolution
		HideSolutionNode = FALSE
	EndGlobalSection
	GlobalSection(NestedProjects) = preSolution
		{AE12BBDC-6F70-4E61-BFDC-800E315AE3A3} = {801F51E2-A703-4FB3-9443-7085DD0C0AEE}
		{C6C10E21-5ED0-4186-8E85-F8AE55F46A69} = {A2FB0FE5-648D-40FF-B9CD-30F252DFCCD2}
		{F6F709CB-0A61-4200-983A-045A72A771C3} = {3D07459F-B0AB-4EAF-800E-5B73606FDC41}
		{C90DE4A6-97C0-4D8A-8B63-262CF6B9580C} = {3D07459F-B0AB-4EAF-800E-5B73606FDC41}
	EndGlobalSection
	GlobalSection(ExtensibilityGlobals) = postSolution
		SolutionGuid = {646E5994-A3BF-496E-9990-53139168C259}
	EndGlobalSection
EndGlobal
